
Microsoft Visual Studio Solution File, Format Version 12.00
# Visual Studio Version 16
VisualStudioVersion = 16.0.32228.343
MinimumVisualStudioVersion = 10.0.40219.1
Project("{FAE04EC0-301F-11D3-BF4B-00C04F79EFBC}") = "Ex04.Menus.Interfaces", "Ex04.Menus.Interfaces\Ex04.Menus.Interfaces.csproj", "{1310C9E1-B78A-4826-B0B3-A48B531BCACD}"
EndProject
Project("{FAE04EC0-301F-11D3-BF4B-00C04F79EFBC}") = "Ex04.Menus.Delegates", "Ex04.Menus.Delegates\Ex04.Menus.Delegates.csproj", "{1DE3F3FE-8924-44BB-A791-54AD679769F4}"
EndProject
Project("{FAE04EC0-301F-11D3-BF4B-00C04F79EFBC}") = "Ex04.Menus.Test", "Ex04.Menus.Test\Ex04.Menus.Test.csproj", "{079C0317-1F27-4592-B7C6-D770F8CB5676}"
EndProject
Global
	GlobalSection(SolutionConfigurationPlatforms) = preSolution
		Debug|Any CPU = Debug|Any CPU
		Release|Any CPU = Release|Any CPU
	EndGlobalSection
	GlobalSection(ProjectConfigurationPlatforms) = postSolution
		{1310C9E1-B78A-4826-B0B3-A48B531BCACD}.Debug|Any CPU.ActiveCfg = Debug|Any CPU
		{1310C9E1-B78A-4826-B0B3-A48B531BCACD}.Debug|Any CPU.Build.0 = Debug|Any CPU
		{1310C9E1-B78A-4826-B0B3-A48B531BCACD}.Release|Any CPU.ActiveCfg = Release|Any CPU
		{1310C9E1-B78A-4826-B0B3-A48B531BCACD}.Release|Any CPU.Build.0 = Release|Any CPU
		{1DE3F3FE-8924-44BB-A791-54AD679769F4}.Debug|Any CPU.ActiveCfg = Debug|Any CPU
		{1DE3F3FE-8924-44BB-A791-54AD679769F4}.Debug|Any CPU.Build.0 = Debug|Any CPU
		{1DE3F3FE-8924-44BB-A791-54AD679769F4}.Release|Any CPU.ActiveCfg = Release|Any CPU
		{1DE3F3FE-8924-44BB-A791-54AD679769F4}.Release|Any CPU.Build.0 = Release|Any CPU
		{079C0317-1F27-4592-B7C6-D770F8CB5676}.Debug|Any CPU.ActiveCfg = Debug|Any CPU
		{079C0317-1F27-4592-B7C6-D770F8CB5676}.Debug|Any CPU.Build.0 = Debug|Any CPU
		{079C0317-1F27-4592-B7C6-D770F8CB5676}.Release|Any CPU.ActiveCfg = Release|Any CPU
		{079C0317-1F27-4592-B7C6-D770F8CB5676}.Release|Any CPU.Build.0 = Release|Any CPU
	EndGlobalSection
	GlobalSection(SolutionProperties) = preSolution
		HideSolutionNode = FALSE
	EndGlobalSection
	GlobalSection(ExtensibilityGlobals) = postSolution
		SolutionGuid = {74AAE7A5-65DF-466D-A983-76E75D6D6D77}
	EndGlobalSection
EndGlobal
