
Microsoft Visual Studio Solution File, Format Version 12.00
# Visual Studio Version 16
VisualStudioVersion = 16.0.32228.343
MinimumVisualStudioVersion = 10.0.40219.1
Project("{FAE04EC0-301F-11D3-BF4B-00C04F79EFBC}") = "B22 Ex04 Tom 206492845 Matan 209043215", "B22 Ex04 Tom 206492845 Matan 209043215\B22 Ex04 Tom 206492845 Matan 209043215.csproj", "{8D00F9E9-5096-438F-8849-3C4A909C4709}"
EndProject
Global
	GlobalSection(SolutionConfigurationPlatforms) = preSolution
		Debug|Any CPU = Debug|Any CPU
		Release|Any CPU = Release|Any CPU
	EndGlobalSection
	GlobalSection(ProjectConfigurationPlatforms) = postSolution
		{8D00F9E9-5096-438F-8849-3C4A909C4709}.Debug|Any CPU.ActiveCfg = Debug|Any CPU
		{8D00F9E9-5096-438F-8849-3C4A909C4709}.Debug|Any CPU.Build.0 = Debug|Any CPU
		{8D00F9E9-5096-438F-8849-3C4A909C4709}.Release|Any CPU.ActiveCfg = Release|Any CPU
		{8D00F9E9-5096-438F-8849-3C4A909C4709}.Release|Any CPU.Build.0 = Release|Any CPU
	EndGlobalSection
	GlobalSection(SolutionProperties) = preSolution
		HideSolutionNode = FALSE
	EndGlobalSection
	GlobalSection(ExtensibilityGlobals) = postSolution
		SolutionGuid = {74AAE7A5-65DF-466D-A983-76E75D6D6D77}
	EndGlobalSection
EndGlobal
